// !$*UTF8*$!
{
	archiveVersion = 1;
	classes = {
	};
	objectVersion = 77;
	objects = {

/* Begin PBXContainerItemProxy section */
		3C64DC312E326A6E00422974 /* PBXContainerItemProxy */ = {
			isa = PBXContainerItemProxy;
			containerPortal = 3C64DC192E326A6C00422974 /* Project object */;
			proxyType = 1;
			remoteGlobalIDString = 3C64DC202E326A6C00422974;
			remoteInfo = SimpleClock;
		};
		3C64DC3B2E326A6E00422974 /* PBXContainerItemProxy */ = {
			isa = PBXContainerItemProxy;
			containerPortal = 3C64DC192E326A6C00422974 /* Project object */;
			proxyType = 1;
			remoteGlobalIDString = 3C64DC202E326A6C00422974;
			remoteInfo = SimpleClock;
		};
/* End PBXContainerItemProxy section */

/* Begin PBXFileReference section */
		3C64DC212E326A6C00422974 /* SimpleClock.app */ = {isa = PBXFileReference; explicitFileType = wrapper.application; includeInIndex = 0; path = SimpleClock.app; sourceTree = BUILT_PRODUCTS_DIR; };
		3C64DC302E326A6E00422974 /* SimpleClockTests.xctest */ = {isa = PBXFileReference; explicitFileType = wrapper.cfbundle; includeInIndex = 0; path = SimpleClockTests.xctest; sourceTree = BUILT_PRODUCTS_DIR; };
		3C64DC3A2E326A6E00422974 /* SimpleClockUITests.xctest */ = {isa = PBXFileReference; explicitFileType = wrapper.cfbundle; includeInIndex = 0; path = SimpleClockUITests.xctest; sourceTree = BUILT_PRODUCTS_DIR; };
/* End PBXFileReference section */

/* Begin PBXFileSystemSynchronizedBuildFileExceptionSet section */
		3C53FA0E2E354DB900BC9228 /* Exceptions for "SimpleClock" folder in "SimpleClock" target */ = {
			isa = PBXFileSystemSynchronizedBuildFileExceptionSet;
			membershipExceptions = (
				Info.plist,
			);
			target = 3C64DC202E326A6C00422974 /* SimpleClock */;
		};
/* End PBXFileSystemSynchronizedBuildFileExceptionSet section */

/* Begin PBXFileSystemSynchronizedRootGroup section */
		3C64DC232E326A6C00422974 /* SimpleClock */ = {
			isa = PBXFileSystemSynchronizedRootGroup;
			exceptions = (
				3C53FA0E2E354DB900BC9228 /* Exceptions for "SimpleClock" folder in "SimpleClock" target */,
			);
			path = SimpleClock;
			sourceTree = "<group>";
		};
		3C64DC332E326A6E00422974 /* SimpleClockTests */ = {
			isa = PBXFileSystemSynchronizedRootGroup;
			path = SimpleClockTests;
			sourceTree = "<group>";
		};
		3C64DC3D2E326A6E00422974 /* SimpleClockUITests */ = {
			isa = PBXFileSystemSynchronizedRootGroup;
			path = SimpleClockUITests;
			sourceTree = "<group>";
		};
/* End PBXFileSystemSynchronizedRootGroup section */

/* Begin PBXFrameworksBuildPhase section */
		3C64DC1E2E326A6C00422974 /* Frameworks */ = {
			isa = PBXFrameworksBuildPhase;
			buildActionMask = 2147483647;
			files = (
			);
			runOnlyForDeploymentPostprocessing = 0;
		};
		3C64DC2D2E326A6E00422974 /* Frameworks */ = {
			isa = PBXFrameworksBuildPhase;
			buildActionMask = 2147483647;
			files = (
			);
			runOnlyForDeploymentPostprocessing = 0;
		};
		3C64DC372E326A6E00422974 /* Frameworks */ = {
			isa = PBXFrameworksBuildPhase;
			buildActionMask = 2147483647;
			files = (
			);
			runOnlyForDeploymentPostprocessing = 0;
		};
/* End PBXFrameworksBuildPhase section */

/* Begin PBXGroup section */
		3C64DC182E326A6C00422974 = {
			isa = PBXGroup;
			children = (
				3C64DC232E326A6C00422974 /* SimpleClock */,
				3C64DC332E326A6E00422974 /* SimpleClockTests */,
				3C64DC3D2E326A6E00422974 /* SimpleClockUITests */,
				3C64DC222E326A6C00422974 /* Products */,
			);
			sourceTree = "<group>";
		};
		3C64DC222E326A6C00422974 /* Products */ = {
			isa = PBXGroup;
			children = (
				3C64DC212E326A6C00422974 /* SimpleClock.app */,
				3C64DC302E326A6E00422974 /* SimpleClockTests.xctest */,
				3C64DC3A2E326A6E00422974 /* SimpleClockUITests.xctest */,
			);
			name = Products;
			sourceTree = "<group>";
		};
/* End PBXGroup section */

/* Begin PBXNativeTarget section */
		3C64DC202E326A6C00422974 /* SimpleClock */ = {
			isa = PBXNativeTarget;
			buildConfigurationList = 3C64DC442E326A6E00422974 /* Build configuration list for PBXNativeTarget "SimpleClock" */;
			buildPhases = (
				3C64DC1D2E326A6C00422974 /* Sources */,
				3C64DC1E2E326A6C00422974 /* Frameworks */,
				3C64DC1F2E326A6C00422974 /* Resources */,
			);
			buildRules = (
			);
			dependencies = (
			);
			fileSystemSynchronizedGroups = (
				3C64DC232E326A6C00422974 /* SimpleClock */,
			);
			name = SimpleClock;
			packageProductDependencies = (
			);
			productName = SimpleClock;
			productReference = 3C64DC212E326A6C00422974 /* SimpleClock.app */;
			productType = "com.apple.product-type.application";
		};
		3C64DC2F2E326A6E00422974 /* SimpleClockTests */ = {
			isa = PBXNativeTarget;
			buildConfigurationList = 3C64DC472E326A6E00422974 /* Build configuration list for PBXNativeTarget "SimpleClockTests" */;
			buildPhases = (
				3C64DC2C2E326A6E00422974 /* Sources */,
				3C64DC2D2E326A6E00422974 /* Frameworks */,
				3C64DC2E2E326A6E00422974 /* Resources */,
			);
			buildRules = (
			);
			dependencies = (
				3C64DC322E326A6E00422974 /* PBXTargetDependency */,
			);
			fileSystemSynchronizedGroups = (
				3C64DC332E326A6E00422974 /* SimpleClockTests */,
			);
			name = SimpleClockTests;
			packageProductDependencies = (
			);
			productName = SimpleClockTests;
			productReference = 3C64DC302E326A6E00422974 /* SimpleClockTests.xctest */;
			productType = "com.apple.product-type.bundle.unit-test";
		};
		3C64DC392E326A6E00422974 /* SimpleClockUITests */ = {
			isa = PBXNativeTarget;
			buildConfigurationList = 3C64DC4A2E326A6E00422974 /* Build configuration list for PBXNativeTarget "SimpleClockUITests" */;
			buildPhases = (
				3C64DC362E326A6E00422974 /* Sources */,
				3C64DC372E326A6E00422974 /* Frameworks */,
				3C64DC382E326A6E00422974 /* Resources */,
			);
			buildRules = (
			);
			dependencies = (
				3C64DC3C2E326A6E00422974 /* PBXTargetDependency */,
			);
			fileSystemSynchronizedGroups = (
				3C64DC3D2E326A6E00422974 /* SimpleClockUITests */,
			);
			name = SimpleClockUITests;
			packageProductDependencies = (
			);
			productName = SimpleClockUITests;
			productReference = 3C64DC3A2E326A6E00422974 /* SimpleClockUITests.xctest */;
			productType = "com.apple.product-type.bundle.ui-testing";
		};
/* End PBXNativeTarget section */

/* Begin PBXProject section */
		3C64DC192E326A6C00422974 /* Project object */ = {
			isa = PBXProject;
			attributes = {
				BuildIndependentTargetsInParallel = 1;
				LastSwiftUpdateCheck = 1640;
				LastUpgradeCheck = 1640;
				TargetAttributes = {
					3C64DC202E326A6C00422974 = {
						CreatedOnToolsVersion = 16.4;
					};
					3C64DC2F2E326A6E00422974 = {
						CreatedOnToolsVersion = 16.4;
						TestTargetID = 3C64DC202E326A6C00422974;
					};
					3C64DC392E326A6E00422974 = {
						CreatedOnToolsVersion = 16.4;
						TestTargetID = 3C64DC202E326A6C00422974;
					};
				};
			};
			buildConfigurationList = 3C64DC1C2E326A6C00422974 /* Build configuration list for PBXProject "SimpleClock" */;
			developmentRegion = en;
			hasScannedForEncodings = 0;
			knownRegions = (
				en,
				Base,
			);
			mainGroup = 3C64DC182E326A6C00422974;
			minimizedProjectReferenceProxies = 1;
			preferredProjectObjectVersion = 77;
			productRefGroup = 3C64DC222E326A6C00422974 /* Products */;
			projectDirPath = "";
			projectRoot = "";
			targets = (
				3C64DC202E326A6C00422974 /* SimpleClock */,
				3C64DC2F2E326A6E00422974 /* SimpleClockTests */,
				3C64DC392E326A6E00422974 /* SimpleClockUITests */,
			);
		};
/* End PBXProject section */

/* Begin PBXResourcesBuildPhase section */
		3C64DC1F2E326A6C00422974 /* Resources */ = {
			isa = PBXResourcesBuildPhase;
			buildActionMask = 2147483647;
			files = (
			);
			runOnlyForDeploymentPostprocessing = 0;
		};
		3C64DC2E2E326A6E00422974 /* Resources */ = {
			isa = PBXResourcesBuildPhase;
			buildActionMask = 2147483647;
			files = (
			);
			runOnlyForDeploymentPostprocessing = 0;
		};
		3C64DC382E326A6E00422974 /* Resources */ = {
			isa = PBXResourcesBuildPhase;
			buildActionMask = 2147483647;
			files = (
			);
			runOnlyForDeploymentPostprocessing = 0;
		};
/* End PBXResourcesBuildPhase section */

/* Begin PBXSourcesBuildPhase section */
		3C64DC1D2E326A6C00422974 /* Sources */ = {
			isa = PBXSourcesBuildPhase;
			buildActionMask = 2147483647;
			files = (
			);
			runOnlyForDeploymentPostprocessing = 0;
		};
		3C64DC2C2E326A6E00422974 /* Sources */ = {
			isa = PBXSourcesBuildPhase;
			buildActionMask = 2147483647;
			files = (
			);
			runOnlyForDeploymentPostprocessing = 0;
		};
		3C64DC362E326A6E00422974 /* Sources */ = {
			isa = PBXSourcesBuildPhase;
			buildActionMask = 2147483647;
			files = (
			);
			runOnlyForDeploymentPostprocessing = 0;
		};
/* End PBXSourcesBuildPhase section */

/* Begin PBXTargetDependency section */
		3C64DC322E326A6E00422974 /* PBXTargetDependency */ = {
			isa = PBXTargetDependency;
			target = 3C64DC202E326A6C00422974 /* SimpleClock */;
			targetProxy = 3C64DC312E326A6E00422974 /* PBXContainerItemProxy */;
		};
		3C64DC3C2E326A6E00422974 /* PBXTargetDependency */ = {
			isa = PBXTargetDependency;
			target = 3C64DC202E326A6C00422974 /* SimpleClock */;
			targetProxy = 3C64DC3B2E326A6E00422974 /* PBXContainerItemProxy */;
		};
/* End PBXTargetDependency section */

/* Begin XCBuildConfiguration section */
		3C64DC422E326A6E00422974 /* Debug */ = {
			isa = XCBuildConfiguration;
			buildSettings = {
				ALWAYS_SEARCH_USER_PATHS = NO;
				ASSETCATALOG_COMPILER_GENERATE_SWIFT_ASSET_SYMBOL_EXTENSIONS = YES;
				CLANG_ANALYZER_NONNULL = YES;
				CLANG_ANALYZER_NUMBER_OBJECT_CONVERSION = YES_AGGRESSIVE;
				CLANG_CXX_LANGUAGE_STANDARD = "gnu++20";
				CLANG_ENABLE_MODULES = YES;
				CLANG_ENABLE_OBJC_ARC = YES;
				CLANG_ENABLE_OBJC_WEAK = YES;
				CLANG_WARN_BLOCK_CAPTURE_AUTORELEASING = YES;
				CLANG_WARN_BOOL_CONVERSION = YES;
				CLANG_WARN_COMMA = YES;
				CLANG_WARN_CONSTANT_CONVERSION = YES;
				CLANG_WARN_DEPRECATED_OBJC_IMPLEMENTATIONS = YES;
				CLANG_WARN_DIRECT_OBJC_ISA_USAGE = YES_ERROR;
				CLANG_WARN_DOCUMENTATION_COMMENTS = YES;
				CLANG_WARN_EMPTY_BODY = YES;
				CLANG_WARN_ENUM_CONVERSION = YES;
				CLANG_WARN_INFINITE_RECURSION = YES;
				CLANG_WARN_INT_CONVERSION = YES;
				CLANG_WARN_NON_LITERAL_NULL_CONVERSION = YES;
				CLANG_WARN_OBJC_IMPLICIT_RETAIN_SELF = YES;
				CLANG_WARN_OBJC_LITERAL_CONVERSION = YES;
				CLANG_WARN_OBJC_ROOT_CLASS = YES_ERROR;
				CLANG_WARN_QUOTED_INCLUDE_IN_FRAMEWORK_HEADER = YES;
				CLANG_WARN_RANGE_LOOP_ANALYSIS = YES;
				CLANG_WARN_STRICT_PROTOTYPES = YES;
				CLANG_WARN_SUSPICIOUS_MOVE = YES;
				CLANG_WARN_UNGUARDED_AVAILABILITY = YES_AGGRESSIVE;
				CLANG_WARN_UNREACHABLE_CODE = YES;
				CLANG_WARN__DUPLICATE_METHOD_MATCH = YES;
				COPY_PHASE_STRIP = NO;
				DEBUG_INFORMATION_FORMAT = dwarf;
				DEVELOPMENT_TEAM = JL2HZJZA32;
				ENABLE_STRICT_OBJC_MSGSEND = YES;
				ENABLE_TESTABILITY = YES;
				ENABLE_USER_SCRIPT_SANDBOXING = YES;
				GCC_C_LANGUAGE_STANDARD = gnu17;
				GCC_DYNAMIC_NO_PIC = NO;
				GCC_NO_COMMON_BLOCKS = YES;
				GCC_OPTIMIZATION_LEVEL = 0;
				GCC_PREPROCESSOR_DEFINITIONS = (
					"DEBUG=1",
					"$(inherited)",
				);
				GCC_WARN_64_TO_32_BIT_CONVERSION = YES;
				GCC_WARN_ABOUT_RETURN_TYPE = YES_ERROR;
				GCC_WARN_UNDECLARED_SELECTOR = YES;
				GCC_WARN_UNINITIALIZED_AUTOS = YES_AGGRESSIVE;
				GCC_WARN_UNUSED_FUNCTION = YES;
				GCC_WARN_UNUSED_VARIABLE = YES;
				IPHONEOS_DEPLOYMENT_TARGET = 15.5;
				LOCALIZATION_PREFERS_STRING_CATALOGS = YES;
				MTL_ENABLE_DEBUG_INFO = INCLUDE_SOURCE;
				MTL_FAST_MATH = YES;
				ONLY_ACTIVE_ARCH = YES;
				SDKROOT = iphoneos;
				SWIFT_ACTIVE_COMPILATION_CONDITIONS = "DEBUG $(inherited)";
				SWIFT_OPTIMIZATION_LEVEL = "-Onone";
			};
			name = Debug;
		};
		3C64DC432E326A6E00422974 /* Release */ = {
			isa = XCBuildConfiguration;
			buildSettings = {
				ALWAYS_SEARCH_USER_PATHS = NO;
				ASSETCATALOG_COMPILER_GENERATE_SWIFT_ASSET_SYMBOL_EXTENSIONS = YES;
				CLANG_ANALYZER_NONNULL = YES;
				CLANG_ANALYZER_NUMBER_OBJECT_CONVERSION = YES_AGGRESSIVE;
				CLANG_CXX_LANGUAGE_STANDARD = "gnu++20";
				CLANG_ENABLE_MODULES = YES;
				CLANG_ENABLE_OBJC_ARC = YES;
				CLANG_ENABLE_OBJC_WEAK = YES;
				CLANG_WARN_BLOCK_CAPTURE_AUTORELEASING = YES;
				CLANG_WARN_BOOL_CONVERSION = YES;
				CLANG_WARN_COMMA = YES;
				CLANG_WARN_CONSTANT_CONVERSION = YES;
				CLANG_WARN_DEPRECATED_OBJC_IMPLEMENTATIONS = YES;
				CLANG_WARN_DIRECT_OBJC_ISA_USAGE = YES_ERROR;
				CLANG_WARN_DOCUMENTATION_COMMENTS = YES;
				CLANG_WARN_EMPTY_BODY = YES;
				CLANG_WARN_ENUM_CONVERSION = YES;
				CLANG_WARN_INFINITE_RECURSION = YES;
				CLANG_WARN_INT_CONVERSION = YES;
				CLANG_WARN_NON_LITERAL_NULL_CONVERSION = YES;
				CLANG_WARN_OBJC_IMPLICIT_RETAIN_SELF = YES;
				CLANG_WARN_OBJC_LITERAL_CONVERSION = YES;
				CLANG_WARN_OBJC_ROOT_CLASS = YES_ERROR;
				CLANG_WARN_QUOTED_INCLUDE_IN_FRAMEWORK_HEADER = YES;
				CLANG_WARN_RANGE_LOOP_ANALYSIS = YES;
				CLANG_WARN_STRICT_PROTOTYPES = YES;
				CLANG_WARN_SUSPICIOUS_MOVE = YES;
				CLANG_WARN_UNGUARDED_AVAILABILITY = YES_AGGRESSIVE;
				CLANG_WARN_UNREACHABLE_CODE = YES;
				CLANG_WARN__DUPLICATE_METHOD_MATCH = YES;
				COPY_PHASE_STRIP = NO;
				DEBUG_INFORMATION_FORMAT = "dwarf-with-dsym";
				DEVELOPMENT_TEAM = JL2HZJZA32;
				ENABLE_NS_ASSERTIONS = NO;
				ENABLE_STRICT_OBJC_MSGSEND = YES;
				ENABLE_USER_SCRIPT_SANDBOXING = YES;
				GCC_C_LANGUAGE_STANDARD = gnu17;
				GCC_NO_COMMON_BLOCKS = YES;
				GCC_WARN_64_TO_32_BIT_CONVERSION = YES;
				GCC_WARN_ABOUT_RETURN_TYPE = YES_ERROR;
				GCC_WARN_UNDECLARED_SELECTOR = YES;
				GCC_WARN_UNINITIALIZED_AUTOS = YES_AGGRESSIVE;
				GCC_WARN_UNUSED_FUNCTION = YES;
				GCC_WARN_UNUSED_VARIABLE = YES;
				IPHONEOS_DEPLOYMENT_TARGET = 15.5;
				LOCALIZATION_PREFERS_STRING_CATALOGS = YES;
				MTL_ENABLE_DEBUG_INFO = NO;
				MTL_FAST_MATH = YES;
				SDKROOT = iphoneos;
				SWIFT_COMPILATION_MODE = wholemodule;
				VALIDATE_PRODUCT = YES;
			};
			name = Release;
		};
		3C64DC452E326A6E00422974 /* Debug */ = {
			isa = XCBuildConfiguration;
			buildSettings = {
				ASSETCATALOG_COMPILER_APPICON_NAME = AppIcon;
				ASSETCATALOG_COMPILER_GLOBAL_ACCENT_COLOR_NAME = AccentColor;
				ASSETCATALOG_COMPILER_INCLUDE_ALL_APPICON_ASSETS = NO;
				CODE_SIGN_ENTITLEMENTS = SimpleClock/SimpleClock.entitlements;
				CODE_SIGN_STYLE = Automatic;
				CURRENT_PROJECT_VERSION = 1.0.2;
				DEVELOPMENT_TEAM = JL2HZJZA32;
				ENABLE_PREVIEWS = YES;
				GENERATE_INFOPLIST_FILE = YES;
				INFOPLIST_FILE = SimpleClock/Info.plist;
				INFOPLIST_KEY_BGTaskSchedulerPermittedIdentifiers = "com.sunfan.SimpleClock.audio-playback com.sunfan.SimpleClock.background-refresh";
				INFOPLIST_KEY_CFBundleDisplayName = "无障碍计时器";
				INFOPLIST_KEY_NSMicrophoneUsageDescription = "无障碍计时器需要使用麦克风进行语音识别，以便您通过语音指令控制计时器功能，包括开始、暂停、恢复和停止计时。这提供了更好的无障碍体验。";
				INFOPLIST_KEY_NSSpeechRecognitionUsageDescription = "无障碍计时器需要使用语音识别功能来识别您的语音指令，例如\"开始计时\"、\"暂停计时\"、\"恢复计时\"和\"停止计时\"。这使得视障用户能够方便地控制计时器，提供更好的无障碍体验。";
				INFOPLIST_KEY_UIApplicationSceneManifest_Generation = YES;
				INFOPLIST_KEY_UIApplicationSupportsIndirectInputEvents = YES;
				INFOPLIST_KEY_UIBackgroundModes = audio;
				INFOPLIST_KEY_UILaunchScreen_Generation = YES;
				INFOPLIST_KEY_UISupportedInterfaceOrientations_iPad = "UIInterfaceOrientationPortrait UIInterfaceOrientationPortraitUpsideDown UIInterfaceOrientationLandscapeLeft UIInterfaceOrientationLandscapeRight";
				INFOPLIST_KEY_UISupportedInterfaceOrientations_iPhone = "UIInterfaceOrientationPortrait UIInterfaceOrientationLandscapeLeft UIInterfaceOrientationLandscapeRight";
				INFOPLIST_KEY_UISupportsDocumentBrowser = NO;
				LD_RUNPATH_SEARCH_PATHS = (
					"$(inherited)",
					"@executable_path/Frameworks",
				);
				MARKETING_VERSION = 1.0.2;
				PRODUCT_BUNDLE_IDENTIFIER = com.sunfan.SimpleClock;
				PRODUCT_NAME = "$(TARGET_NAME)";
				SWIFT_EMIT_LOC_STRINGS = YES;
				SWIFT_VERSION = 5.0;
				TARGETED_DEVICE_FAMILY = "1,2";
			};
			name = Debug;
		};
		3C64DC462E326A6E00422974 /* Release */ = {
			isa = XCBuildConfiguration;
			buildSettings = {
				ASSETCATALOG_COMPILER_APPICON_NAME = AppIcon;
				ASSETCATALOG_COMPILER_GLOBAL_ACCENT_COLOR_NAME = AccentColor;
				ASSETCATALOG_COMPILER_INCLUDE_ALL_APPICON_ASSETS = NO;
				CODE_SIGN_ENTITLEMENTS = SimpleClock/SimpleClock.entitlements;
				CODE_SIGN_STYLE = Automatic;
				CURRENT_PROJECT_VERSION = 1.0.2;
				DEVELOPMENT_TEAM = JL2HZJZA32;
				ENABLE_PREVIEWS = YES;
				GENERATE_INFOPLIST_FILE = YES;
				INFOPLIST_FILE = SimpleClock/Info.plist;
				INFOPLIST_KEY_BGTaskSchedulerPermittedIdentifiers = "com.sunfan.SimpleClock.audio-playback com.sunfan.SimpleClock.background-refresh";
				INFOPLIST_KEY_CFBundleDisplayName = "无障碍计时器";
				INFOPLIST_KEY_NSMicrophoneUsageDescription = "无障碍计时器需要使用麦克风进行语音识别，以便您通过语音指令控制计时器功能，包括开始、暂停、恢复和停止计时。这提供了更好的无障碍体验。";
				INFOPLIST_KEY_NSSpeechRecognitionUsageDescription = "无障碍计时器需要使用语音识别功能来识别您的语音指令，例如\"开始计时\"、\"暂停计时\"、\"恢复计时\"和\"停止计时\"。这使得视障用户能够方便地控制计时器，提供更好的无障碍体验。";
				INFOPLIST_KEY_UIApplicationSceneManifest_Generation = YES;
				INFOPLIST_KEY_UIApplicationSupportsIndirectInputEvents = YES;
				INFOPLIST_KEY_UIBackgroundModes = audio;
				INFOPLIST_KEY_UILaunchScreen_Generation = YES;
				INFOPLIST_KEY_UISupportedInterfaceOrientations_iPad = "UIInterfaceOrientationPortrait UIInterfaceOrientationPortraitUpsideDown UIInterfaceOrientationLandscapeLeft UIInterfaceOrientationLandscapeRight";
				INFOPLIST_KEY_UISupportedInterfaceOrientations_iPhone = "UIInterfaceOrientationPortrait UIInterfaceOrientationLandscapeLeft UIInterfaceOrientationLandscapeRight";
				INFOPLIST_KEY_UISupportsDocumentBrowser = NO;
				LD_RUNPATH_SEARCH_PATHS = (
					"$(inherited)",
					"@executable_path/Frameworks",
				);
				MARKETING_VERSION = 1.0.2;
				PRODUCT_BUNDLE_IDENTIFIER = com.sunfan.SimpleClock;
				PRODUCT_NAME = "$(TARGET_NAME)";
				SWIFT_EMIT_LOC_STRINGS = YES;
				SWIFT_VERSION = 5.0;
				TARGETED_DEVICE_FAMILY = "1,2";
			};
			name = Release;
		};
		3C64DC482E326A6E00422974 /* Debug */ = {
			isa = XCBuildConfiguration;
			buildSettings = {
				BUNDLE_LOADER = "$(TEST_HOST)";
				CODE_SIGN_STYLE = Automatic;
				CURRENT_PROJECT_VERSION = 1;
				DEVELOPMENT_TEAM = JL2HZJZA32;
				GENERATE_INFOPLIST_FILE = YES;
				IPHONEOS_DEPLOYMENT_TARGET = 15.5;
				MARKETING_VERSION = 1.0;
				PRODUCT_BUNDLE_IDENTIFIER = com.sunfan.SimpleClockTests;
				PRODUCT_NAME = "$(TARGET_NAME)";
				SWIFT_EMIT_LOC_STRINGS = NO;
				SWIFT_VERSION = 5.0;
				TARGETED_DEVICE_FAMILY = "1,2";
				TEST_HOST = "$(BUILT_PRODUCTS_DIR)/SimpleClock.app/$(BUNDLE_EXECUTABLE_FOLDER_PATH)/SimpleClock";
			};
			name = Debug;
		};
		3C64DC492E326A6E00422974 /* Release */ = {
			isa = XCBuildConfiguration;
			buildSettings = {
				BUNDLE_LOADER = "$(TEST_HOST)";
				CODE_SIGN_STYLE = Automatic;
				CURRENT_PROJECT_VERSION = 1;
				DEVELOPMENT_TEAM = JL2HZJZA32;
				GENERATE_INFOPLIST_FILE = YES;
				IPHONEOS_DEPLOYMENT_TARGET = 15.5;
				MARKETING_VERSION = 1.0;
				PRODUCT_BUNDLE_IDENTIFIER = com.sunfan.SimpleClockTests;
				PRODUCT_NAME = "$(TARGET_NAME)";
				SWIFT_EMIT_LOC_STRINGS = NO;
				SWIFT_VERSION = 5.0;
				TARGETED_DEVICE_FAMILY = "1,2";
				TEST_HOST = "$(BUILT_PRODUCTS_DIR)/SimpleClock.app/$(BUNDLE_EXECUTABLE_FOLDER_PATH)/SimpleClock";
			};
			name = Release;
		};
		3C64DC4B2E326A6E00422974 /* Debug */ = {
			isa = XCBuildConfiguration;
			buildSettings = {
				CODE_SIGN_STYLE = Automatic;
				CURRENT_PROJECT_VERSION = 1;
				DEVELOPMENT_TEAM = JL2HZJZA32;
				GENERATE_INFOPLIST_FILE = YES;
				MARKETING_VERSION = 1.0;
				PRODUCT_BUNDLE_IDENTIFIER = com.sunfan.SimpleClockUITests;
				PRODUCT_NAME = "$(TARGET_NAME)";
				SWIFT_EMIT_LOC_STRINGS = NO;
				SWIFT_VERSION = 5.0;
				TARGETED_DEVICE_FAMILY = "1,2";
				TEST_TARGET_NAME = SimpleClock;
			};
			name = Debug;
		};
		3C64DC4C2E326A6E00422974 /* Release */ = {
			isa = XCBuildConfiguration;
			buildSettings = {
				CODE_SIGN_STYLE = Automatic;
				CURRENT_PROJECT_VERSION = 1;
				DEVELOPMENT_TEAM = JL2HZJZA32;
				GENERATE_INFOPLIST_FILE = YES;
				MARKETING_VERSION = 1.0;
				PRODUCT_BUNDLE_IDENTIFIER = com.sunfan.SimpleClockUITests;
				PRODUCT_NAME = "$(TARGET_NAME)";
				SWIFT_EMIT_LOC_STRINGS = NO;
				SWIFT_VERSION = 5.0;
				TARGETED_DEVICE_FAMILY = "1,2";
				TEST_TARGET_NAME = SimpleClock;
			};
			name = Release;
		};
/* End XCBuildConfiguration section */

/* Begin XCConfigurationList section */
		3C64DC1C2E326A6C00422974 /* Build configuration list for PBXProject "SimpleClock" */ = {
			isa = XCConfigurationList;
			buildConfigurations = (
				3C64DC422E326A6E00422974 /* Debug */,
				3C64DC432E326A6E00422974 /* Release */,
			);
			defaultConfigurationIsVisible = 0;
			defaultConfigurationName = Release;
		};
		3C64DC442E326A6E00422974 /* Build configuration list for PBXNativeTarget "SimpleClock" */ = {
			isa = XCConfigurationList;
			buildConfigurations = (
				3C64DC452E326A6E00422974 /* Debug */,
				3C64DC462E326A6E00422974 /* Release */,
			);
			defaultConfigurationIsVisible = 0;
			defaultConfigurationName = Release;
		};
		3C64DC472E326A6E00422974 /* Build configuration list for PBXNativeTarget "SimpleClockTests" */ = {
			isa = XCConfigurationList;
			buildConfigurations = (
				3C64DC482E326A6E00422974 /* Debug */,
				3C64DC492E326A6E00422974 /* Release */,
			);
			defaultConfigurationIsVisible = 0;
			defaultConfigurationName = Release;
		};
		3C64DC4A2E326A6E00422974 /* Build configuration list for PBXNativeTarget "SimpleClockUITests" */ = {
			isa = XCConfigurationList;
			buildConfigurations = (
				3C64DC4B2E326A6E00422974 /* Debug */,
				3C64DC4C2E326A6E00422974 /* Release */,
			);
			defaultConfigurationIsVisible = 0;
			defaultConfigurationName = Release;
		};
/* End XCConfigurationList section */
	};
	rootObject = 3C64DC192E326A6C00422974 /* Project object */;
}
